
Microsoft Visual Studio Solution File, Format Version 12.00
# Visual Studio Version 17
VisualStudioVersion = 17.9.34607.119
MinimumVisualStudioVersion = 10.0.40219.1
Project("{9A19103F-16F7-4668-BE54-9A1E7A4F7556}") = "productController", "productController\productController.csproj", "{C83A5534-1809-4E5A-9230-17AEB736F02C}"
EndProject
Project("{9A19103F-16F7-4668-BE54-9A1E7A4F7556}") = "Data", "Data\Data.csproj", "{B9D80D41-05A6-498C-81B3-EAA2BE4778AD}"
EndProject
Global
	GlobalSection(SolutionConfigurationPlatforms) = preSolution
		Debug|Any CPU = Debug|Any CPU
		Release|Any CPU = Release|Any CPU
	EndGlobalSection
	GlobalSection(ProjectConfigurationPlatforms) = postSolution
		{C83A5534-1809-4E5A-9230-17AEB736F02C}.Debug|Any CPU.ActiveCfg = Debug|Any CPU
		{C83A5534-1809-4E5A-9230-17AEB736F02C}.Debug|Any CPU.Build.0 = Debug|Any CPU
		{C83A5534-1809-4E5A-9230-17AEB736F02C}.Release|Any CPU.ActiveCfg = Release|Any CPU
		{C83A5534-1809-4E5A-9230-17AEB736F02C}.Release|Any CPU.Build.0 = Release|Any CPU
		{B9D80D41-05A6-498C-81B3-EAA2BE4778AD}.Debug|Any CPU.ActiveCfg = Debug|Any CPU
		{B9D80D41-05A6-498C-81B3-EAA2BE4778AD}.Debug|Any CPU.Build.0 = Debug|Any CPU
		{B9D80D41-05A6-498C-81B3-EAA2BE4778AD}.Release|Any CPU.ActiveCfg = Release|Any CPU
		{B9D80D41-05A6-498C-81B3-EAA2BE4778AD}.Release|Any CPU.Build.0 = Release|Any CPU
	EndGlobalSection
	GlobalSection(SolutionProperties) = preSolution
		HideSolutionNode = FALSE
	EndGlobalSection
EndGlobal
